
Microsoft Visual Studio Solution File, Format Version 12.00
# Visual Studio Version 16
VisualStudioVersion = 16.0.33801.447
MinimumVisualStudioVersion = 10.0.40219.1
Project("{FAE04EC0-301F-11D3-BF4B-00C04F79EFBC}") = "Properties", "..\..\InsertPropertiesExcel\Properties\Properties.csproj", "{92F9C50F-C9FE-45C8-B9AD-4061D6517D6E}"
EndProject
Global
	GlobalSection(SolutionConfigurationPlatforms) = preSolution
		Debug|Any CPU = Debug|Any CPU
		Release|Any CPU = Release|Any CPU
	EndGlobalSection
	GlobalSection(ProjectConfigurationPlatforms) = postSolution
		{92F9C50F-C9FE-45C8-B9AD-4061D6517D6E}.Debug|Any CPU.ActiveCfg = Debug|Any CPU
		{92F9C50F-C9FE-45C8-B9AD-4061D6517D6E}.Debug|Any CPU.Build.0 = Debug|Any CPU
		{92F9C50F-C9FE-45C8-B9AD-4061D6517D6E}.Release|Any CPU.ActiveCfg = Release|Any CPU
		{92F9C50F-C9FE-45C8-B9AD-4061D6517D6E}.Release|Any CPU.Build.0 = Release|Any CPU
	EndGlobalSection
	GlobalSection(SolutionProperties) = preSolution
		HideSolutionNode = FALSE
	EndGlobalSection
	GlobalSection(ExtensibilityGlobals) = postSolution
		SolutionGuid = {7AD9E869-7C7B-46CD-8F00-0B05FB689BE2}
	EndGlobalSection
EndGlobal
